
Microsoft Visual Studio Solution File, Format Version 12.00
# Visual Studio Version 17
VisualStudioVersion = 17.5.002.0
MinimumVisualStudioVersion = 10.0.40219.1
Project("{9A19103F-16F7-4668-BE54-9A1E7A4F7556}") = "API", "API\API.csproj", "{CBE36FD9-D867-4483-8A98-4135EC1E2F7E}"
EndProject
Project("{FAE04EC0-301F-11D3-BF4B-00C04F79EFBC}") = "BusinessLayer", "BusinessLayer\BusinessLayer.csproj", "{927825C5-6571-44D7-902C-7F4B89845E46}"
EndProject
Project("{FAE04EC0-301F-11D3-BF4B-00C04F79EFBC}") = "UnitTests", "UnitTests\UnitTests.csproj", "{A7C9C46B-F741-482A-8C53-7169FDBA3706}"
EndProject
Project("{FAE04EC0-301F-11D3-BF4B-00C04F79EFBC}") = "Core", "Core\Core.csproj", "{32D1A55B-ECF2-44A8-B900-87565CC95302}"
EndProject
Global
	GlobalSection(SolutionConfigurationPlatforms) = preSolution
		Debug|Any CPU = Debug|Any CPU
		Release|Any CPU = Release|Any CPU
	EndGlobalSection
	GlobalSection(ProjectConfigurationPlatforms) = postSolution
		{CBE36FD9-D867-4483-8A98-4135EC1E2F7E}.Debug|Any CPU.ActiveCfg = Debug|Any CPU
		{CBE36FD9-D867-4483-8A98-4135EC1E2F7E}.Debug|Any CPU.Build.0 = Debug|Any CPU
		{CBE36FD9-D867-4483-8A98-4135EC1E2F7E}.Release|Any CPU.ActiveCfg = Release|Any CPU
		{CBE36FD9-D867-4483-8A98-4135EC1E2F7E}.Release|Any CPU.Build.0 = Release|Any CPU
		{927825C5-6571-44D7-902C-7F4B89845E46}.Debug|Any CPU.ActiveCfg = Debug|Any CPU
		{927825C5-6571-44D7-902C-7F4B89845E46}.Debug|Any CPU.Build.0 = Debug|Any CPU
		{927825C5-6571-44D7-902C-7F4B89845E46}.Release|Any CPU.ActiveCfg = Release|Any CPU
		{927825C5-6571-44D7-902C-7F4B89845E46}.Release|Any CPU.Build.0 = Release|Any CPU
		{A7C9C46B-F741-482A-8C53-7169FDBA3706}.Debug|Any CPU.ActiveCfg = Debug|Any CPU
		{A7C9C46B-F741-482A-8C53-7169FDBA3706}.Debug|Any CPU.Build.0 = Debug|Any CPU
		{A7C9C46B-F741-482A-8C53-7169FDBA3706}.Release|Any CPU.ActiveCfg = Release|Any CPU
		{A7C9C46B-F741-482A-8C53-7169FDBA3706}.Release|Any CPU.Build.0 = Release|Any CPU
		{32D1A55B-ECF2-44A8-B900-87565CC95302}.Debug|Any CPU.ActiveCfg = Debug|Any CPU
		{32D1A55B-ECF2-44A8-B900-87565CC95302}.Debug|Any CPU.Build.0 = Debug|Any CPU
		{32D1A55B-ECF2-44A8-B900-87565CC95302}.Release|Any CPU.ActiveCfg = Release|Any CPU
		{32D1A55B-ECF2-44A8-B900-87565CC95302}.Release|Any CPU.Build.0 = Release|Any CPU
	EndGlobalSection
	GlobalSection(SolutionProperties) = preSolution
		HideSolutionNode = FALSE
	EndGlobalSection
	GlobalSection(ExtensibilityGlobals) = postSolution
		SolutionGuid = {231D3D79-74D1-4016-A7AA-64E55ED2F693}
	EndGlobalSection
EndGlobal
